
Microsoft Visual Studio Solution File, Format Version 12.00
# Visual Studio Version 16
VisualStudioVersion = 16.0.28803.202
MinimumVisualStudioVersion = 10.0.40219.1
Project("{FAE04EC0-301F-11D3-BF4B-00C04F79EFBC}") = "LHAppConsoleApplication2", "LHAppConsoleApplication2.csproj", "{C64E9C0C-248F-46A1-A760-39E176FA1106}"
EndProject
Global
	GlobalSection(SolutionConfigurationPlatforms) = preSolution
		Debug|Any CPU = Debug|Any CPU
		Release|Any CPU = Release|Any CPU
	EndGlobalSection
	GlobalSection(ProjectConfigurationPlatforms) = postSolution
		{C64E9C0C-248F-46A1-A760-39E176FA1106}.Debug|Any CPU.ActiveCfg = Debug|Any CPU
		{C64E9C0C-248F-46A1-A760-39E176FA1106}.Debug|Any CPU.Build.0 = Debug|Any CPU
		{C64E9C0C-248F-46A1-A760-39E176FA1106}.Release|Any CPU.ActiveCfg = Release|Any CPU
		{C64E9C0C-248F-46A1-A760-39E176FA1106}.Release|Any CPU.Build.0 = Release|Any CPU
	EndGlobalSection
	GlobalSection(SolutionProperties) = preSolution
		HideSolutionNode = FALSE
	EndGlobalSection
	GlobalSection(ExtensibilityGlobals) = postSolution
		SolutionGuid = {49F42042-BF88-4F57-9B8E-7ABC5AB66234}
	EndGlobalSection
EndGlobal
